
Microsoft Visual Studio Solution File, Format Version 12.00
# Visual Studio Version 16
VisualStudioVersion = 16.0.30413.136
MinimumVisualStudioVersion = 10.0.40219.1
Project("{FAE04EC0-301F-11D3-BF4B-00C04F79EFBC}") = "Git_Test4", "Git_Test4\Git_Test4.csproj", "{513FB393-B45A-4978-B8F5-1C09D4E2BA9B}"
EndProject
Global
	GlobalSection(SolutionConfigurationPlatforms) = preSolution
		Debug|Any CPU = Debug|Any CPU
		Release|Any CPU = Release|Any CPU
	EndGlobalSection
	GlobalSection(ProjectConfigurationPlatforms) = postSolution
		{513FB393-B45A-4978-B8F5-1C09D4E2BA9B}.Debug|Any CPU.ActiveCfg = Debug|Any CPU
		{513FB393-B45A-4978-B8F5-1C09D4E2BA9B}.Debug|Any CPU.Build.0 = Debug|Any CPU
		{513FB393-B45A-4978-B8F5-1C09D4E2BA9B}.Release|Any CPU.ActiveCfg = Release|Any CPU
		{513FB393-B45A-4978-B8F5-1C09D4E2BA9B}.Release|Any CPU.Build.0 = Release|Any CPU
	EndGlobalSection
	GlobalSection(SolutionProperties) = preSolution
		HideSolutionNode = FALSE
	EndGlobalSection
	GlobalSection(ExtensibilityGlobals) = postSolution
		SolutionGuid = {6A56DC67-B2B8-4A0D-86E7-E4A08C38DDC1}
	EndGlobalSection
EndGlobal
